{
  "name": "blockchain",
  "lockfileVersion": 3,
  "requires": true,
  "packages": {
    "": {
      "dependencies": {
        "@scroll-tech/contracts": "^0.1.0"
      }
    },
    "node_modules/@scroll-tech/contracts": {
      "version": "0.1.0",
      "resolved": "https://registry.npmjs.org/@scroll-tech/contracts/-/contracts-0.1.0.tgz",
      "integrity": "sha512-aBbDOc3WB/WveZdpJYcrfvMYMz7ZTEiW8M9XMJLba8p9FAR5KGYB/cV+8+EUsq3MKt7C1BfR+WnXoTVdvwIY6w=="
    }
  }
}
